
Microsoft Visual Studio Solution File, Format Version 12.00
# Visual Studio Version 17
VisualStudioVersion = 17.13.35913.81 d17.13
MinimumVisualStudioVersion = 10.0.40219.1
Project("{888888A0-9F3D-457C-B088-3A5042F75D52}") = "TP_meca", "TP_meca\TP_meca.pyproj", "{01B07B34-BB17-48A1-9BAB-246BA22C47AF}"
EndProject
Global
	GlobalSection(SolutionConfigurationPlatforms) = preSolution
		Debug|Any CPU = Debug|Any CPU
		Release|Any CPU = Release|Any CPU
	EndGlobalSection
	GlobalSection(ProjectConfigurationPlatforms) = postSolution
		{01B07B34-BB17-48A1-9BAB-246BA22C47AF}.Debug|Any CPU.ActiveCfg = Debug|Any CPU
		{01B07B34-BB17-48A1-9BAB-246BA22C47AF}.Release|Any CPU.ActiveCfg = Release|Any CPU
	EndGlobalSection
	GlobalSection(SolutionProperties) = preSolution
		HideSolutionNode = FALSE
	EndGlobalSection
	GlobalSection(ExtensibilityGlobals) = postSolution
		SolutionGuid = {73DE24AC-56DA-42AE-8FE2-3505D5E89913}
	EndGlobalSection
EndGlobal
